
Microsoft Visual Studio Solution File, Format Version 12.00
# Visual Studio Version 16
VisualStudioVersion = 16.0.31105.61
MinimumVisualStudioVersion = 10.0.40219.1
Project("{FAE04EC0-301F-11D3-BF4B-00C04F79EFBC}") = "Lab3.1", "Lab3.1\Lab3.1.csproj", "{1BF88F2C-C249-45C8-9C3D-8214EA7FCC7B}"
EndProject
Global
	GlobalSection(SolutionConfigurationPlatforms) = preSolution
		Debug|Any CPU = Debug|Any CPU
		Release|Any CPU = Release|Any CPU
	EndGlobalSection
	GlobalSection(ProjectConfigurationPlatforms) = postSolution
		{1BF88F2C-C249-45C8-9C3D-8214EA7FCC7B}.Debug|Any CPU.ActiveCfg = Debug|Any CPU
		{1BF88F2C-C249-45C8-9C3D-8214EA7FCC7B}.Debug|Any CPU.Build.0 = Debug|Any CPU
		{1BF88F2C-C249-45C8-9C3D-8214EA7FCC7B}.Release|Any CPU.ActiveCfg = Release|Any CPU
		{1BF88F2C-C249-45C8-9C3D-8214EA7FCC7B}.Release|Any CPU.Build.0 = Release|Any CPU
	EndGlobalSection
	GlobalSection(SolutionProperties) = preSolution
		HideSolutionNode = FALSE
	EndGlobalSection
	GlobalSection(ExtensibilityGlobals) = postSolution
		SolutionGuid = {7552DDE6-5C34-4691-9240-B11F28CD266A}
	EndGlobalSection
EndGlobal
